{
  "version": 4,
  "terraform_version": "1.5.5",
  "serial": 284,
  "lineage": "ec43a067-c62b-9b89-eb2b-705eaf3181fd",
  "outputs": {
    "instance_external_ips": {
      "value": [
        "158.160.68.92",
        "158.160.2.117",
        "158.160.86.192",
        "158.160.81.58"
      ],
      "type": [
        "tuple",
        [
          "string",
          "string",
          "string",
          "string"
        ]
      ]
    },
    "network_id": {
      "value": "enp6e5cas91lae9i8ja1",
      "type": "string"
    },
    "subnet_id": {
      "value": "e2ltb1lmtmblif9so39p",
      "type": "string"
    }
  },
  "resources": [
    {
      "module": "module.dns",
      "mode": "managed",
      "type": "yandex_dns_recordset",
      "name": "srv_fqdn",
      "provider": "provider[\"registry.terraform.io/yandex-cloud/yandex\"]",
      "instances": [
        {
          "schema_version": 0,
          "attributes": {
            "data": [
              "158.160.81.58"
            ],
            "id": "dns6feu143q0os85n324/srv/A",
            "name": "srv",
            "timeouts": null,
            "ttl": 300,
            "type": "A",
            "zone_id": "dns6feu143q0os85n324"
          },
          "sensitive_attributes": [],
          "private": "eyJlMmJmYjczMC1lY2FhLTExZTYtOGY4OC0zNDM2M2JjN2M0YzAiOnsiY3JlYXRlIjozMDAwMDAwMDAwMDAsImRlbGV0ZSI6MzAwMDAwMDAwMDAwLCJ1cGRhdGUiOjMwMDAwMDAwMDAwMH19",
          "dependencies": [
            "module.dns.yandex_dns_zone.external_zone",
            "module.instances.data.yandex_compute_image.vm_image",
            "module.instances.yandex_compute_instance.cp_instance",
            "module.instances.yandex_compute_instance.srv_instance",
            "module.instances.yandex_compute_instance.worker_instance",
            "module.network.yandex_vpc_network.network",
            "module.network.yandex_vpc_subnet.subnet"
          ]
        }
      ]
    },
    {
      "module": "module.dns",
      "mode": "managed",
      "type": "yandex_dns_recordset",
      "name": "vm_dns",
      "provider": "provider[\"registry.terraform.io/yandex-cloud/yandex\"]",
      "instances": [
        {
          "index_key": "sf-dip-worker-0",
          "schema_version": 0,
          "attributes": {
            "data": [
              "10.0.0.7"
            ],
            "id": "dns3eq3kb6v8nmei90er/sf-dip-worker-0.skillfactory-ermolaev.ru./A",
            "name": "sf-dip-worker-0.skillfactory-ermolaev.ru.",
            "timeouts": null,
            "ttl": 300,
            "type": "A",
            "zone_id": "dns3eq3kb6v8nmei90er"
          },
          "sensitive_attributes": [],
          "private": "eyJlMmJmYjczMC1lY2FhLTExZTYtOGY4OC0zNDM2M2JjN2M0YzAiOnsiY3JlYXRlIjozMDAwMDAwMDAwMDAsImRlbGV0ZSI6MzAwMDAwMDAwMDAwLCJ1cGRhdGUiOjMwMDAwMDAwMDAwMH19",
          "dependencies": [
            "module.dns.yandex_dns_zone.internal_zone",
            "module.instances.data.yandex_compute_image.vm_image",
            "module.instances.yandex_compute_instance.cp_instance",
            "module.instances.yandex_compute_instance.srv_instance",
            "module.instances.yandex_compute_instance.worker_instance",
            "module.network.yandex_vpc_network.network",
            "module.network.yandex_vpc_subnet.subnet"
          ]
        },
        {
          "index_key": "sf-dip-worker-1",
          "schema_version": 0,
          "attributes": {
            "data": [
              "10.0.0.26"
            ],
            "id": "dns3eq3kb6v8nmei90er/sf-dip-worker-1.skillfactory-ermolaev.ru./A",
            "name": "sf-dip-worker-1.skillfactory-ermolaev.ru.",
            "timeouts": null,
            "ttl": 300,
            "type": "A",
            "zone_id": "dns3eq3kb6v8nmei90er"
          },
          "sensitive_attributes": [],
          "private": "eyJlMmJmYjczMC1lY2FhLTExZTYtOGY4OC0zNDM2M2JjN2M0YzAiOnsiY3JlYXRlIjozMDAwMDAwMDAwMDAsImRlbGV0ZSI6MzAwMDAwMDAwMDAwLCJ1cGRhdGUiOjMwMDAwMDAwMDAwMH19",
          "dependencies": [
            "module.dns.yandex_dns_zone.internal_zone",
            "module.instances.data.yandex_compute_image.vm_image",
            "module.instances.yandex_compute_instance.cp_instance",
            "module.instances.yandex_compute_instance.srv_instance",
            "module.instances.yandex_compute_instance.worker_instance",
            "module.network.yandex_vpc_network.network",
            "module.network.yandex_vpc_subnet.subnet"
          ]
        },
        {
          "index_key": "sf-diploma-cp-0",
          "schema_version": 0,
          "attributes": {
            "data": [
              "158.160.86.192"
            ],
            "id": "dns3eq3kb6v8nmei90er/sf-diploma-cp-0.skillfactory-ermolaev.ru./A",
            "name": "sf-diploma-cp-0.skillfactory-ermolaev.ru.",
            "timeouts": null,
            "ttl": 300,
            "type": "A",
            "zone_id": "dns3eq3kb6v8nmei90er"
          },
          "sensitive_attributes": [],
          "private": "eyJlMmJmYjczMC1lY2FhLTExZTYtOGY4OC0zNDM2M2JjN2M0YzAiOnsiY3JlYXRlIjozMDAwMDAwMDAwMDAsImRlbGV0ZSI6MzAwMDAwMDAwMDAwLCJ1cGRhdGUiOjMwMDAwMDAwMDAwMH19",
          "dependencies": [
            "module.dns.yandex_dns_zone.internal_zone",
            "module.instances.data.yandex_compute_image.vm_image",
            "module.instances.yandex_compute_instance.cp_instance",
            "module.instances.yandex_compute_instance.srv_instance",
            "module.instances.yandex_compute_instance.worker_instance",
            "module.network.yandex_vpc_network.network",
            "module.network.yandex_vpc_subnet.subnet"
          ]
        },
        {
          "index_key": "sf-diploma-srv-0",
          "schema_version": 0,
          "attributes": {
            "data": [
              "158.160.81.58"
            ],
            "id": "dns3eq3kb6v8nmei90er/sf-diploma-srv-0.skillfactory-ermolaev.ru./A",
            "name": "sf-diploma-srv-0.skillfactory-ermolaev.ru.",
            "timeouts": null,
            "ttl": 300,
            "type": "A",
            "zone_id": "dns3eq3kb6v8nmei90er"
          },
          "sensitive_attributes": [],
          "private": "eyJlMmJmYjczMC1lY2FhLTExZTYtOGY4OC0zNDM2M2JjN2M0YzAiOnsiY3JlYXRlIjozMDAwMDAwMDAwMDAsImRlbGV0ZSI6MzAwMDAwMDAwMDAwLCJ1cGRhdGUiOjMwMDAwMDAwMDAwMH19",
          "dependencies": [
            "module.dns.yandex_dns_zone.internal_zone",
            "module.instances.data.yandex_compute_image.vm_image",
            "module.instances.yandex_compute_instance.cp_instance",
            "module.instances.yandex_compute_instance.srv_instance",
            "module.instances.yandex_compute_instance.worker_instance",
            "module.network.yandex_vpc_network.network",
            "module.network.yandex_vpc_subnet.subnet"
          ]
        }
      ]
    },
    {
      "module": "module.dns",
      "mode": "managed",
      "type": "yandex_dns_zone",
      "name": "external_zone",
      "provider": "provider[\"registry.terraform.io/yandex-cloud/yandex\"]",
      "instances": [
        {
          "schema_version": 0,
          "attributes": {
            "created_at": "2024-03-05T15:38:22Z",
            "description": "skillfactory-ermolaev-ru_internal",
            "folder_id": "b1g6eem7vjurvc8c23gi",
            "id": "dns6feu143q0os85n324",
            "labels": null,
            "name": "skillfactory-ermolaev-ru-internal",
            "private_networks": [
              "enp6e5cas91lae9i8ja1"
            ],
            "public": true,
            "timeouts": null,
            "zone": "skillfactory-ermolaev.ru."
          },
          "sensitive_attributes": [],
          "private": "eyJlMmJmYjczMC1lY2FhLTExZTYtOGY4OC0zNDM2M2JjN2M0YzAiOnsiY3JlYXRlIjozMDAwMDAwMDAwMDAsImRlbGV0ZSI6MzAwMDAwMDAwMDAwLCJ1cGRhdGUiOjMwMDAwMDAwMDAwMH19",
          "dependencies": [
            "module.instances.data.yandex_compute_image.vm_image",
            "module.instances.yandex_compute_instance.cp_instance",
            "module.instances.yandex_compute_instance.srv_instance",
            "module.instances.yandex_compute_instance.worker_instance",
            "module.network.yandex_vpc_network.network",
            "module.network.yandex_vpc_subnet.subnet"
          ]
        }
      ]
    },
    {
      "module": "module.dns",
      "mode": "managed",
      "type": "yandex_dns_zone",
      "name": "internal_zone",
      "provider": "provider[\"registry.terraform.io/yandex-cloud/yandex\"]",
      "instances": [
        {
          "schema_version": 0,
          "attributes": {
            "created_at": "2024-03-05T15:38:22Z",
            "description": "skillfactory-ermolaev-ru_external",
            "folder_id": "b1g6eem7vjurvc8c23gi",
            "id": "dns3eq3kb6v8nmei90er",
            "labels": null,
            "name": "skillfactory-ermolaev-ru-external",
            "private_networks": [
              "enp6e5cas91lae9i8ja1"
            ],
            "public": false,
            "timeouts": null,
            "zone": "skillfactory-ermolaev.ru."
          },
          "sensitive_attributes": [],
          "private": "eyJlMmJmYjczMC1lY2FhLTExZTYtOGY4OC0zNDM2M2JjN2M0YzAiOnsiY3JlYXRlIjozMDAwMDAwMDAwMDAsImRlbGV0ZSI6MzAwMDAwMDAwMDAwLCJ1cGRhdGUiOjMwMDAwMDAwMDAwMH19",
          "dependencies": [
            "module.instances.data.yandex_compute_image.vm_image",
            "module.instances.yandex_compute_instance.cp_instance",
            "module.instances.yandex_compute_instance.srv_instance",
            "module.instances.yandex_compute_instance.worker_instance",
            "module.network.yandex_vpc_network.network",
            "module.network.yandex_vpc_subnet.subnet"
          ]
        }
      ]
    },
    {
      "module": "module.instances",
      "mode": "data",
      "type": "yandex_compute_image",
      "name": "vm_image",
      "provider": "provider[\"registry.terraform.io/yandex-cloud/yandex\"]",
      "instances": [
        {
          "schema_version": 0,
          "attributes": {
            "created_at": "2024-03-04T10:56:46Z",
            "description": "ubuntu 20.04 lts",
            "family": "ubuntu-2004-lts",
            "folder_id": "standard-images",
            "id": "fd8kp2cfs7pc786lfv2t",
            "image_id": "fd8kp2cfs7pc786lfv2t",
            "labels": {},
            "min_disk_size": 5,
            "name": "ubuntu-20-04-lts-v20240304",
            "os_type": "linux",
            "pooled": true,
            "product_ids": [
              "f2ev4elp31ih0qk6mgcs"
            ],
            "size": 4,
            "status": "ready"
          },
          "sensitive_attributes": []
        }
      ]
    },
    {
      "module": "module.instances",
      "mode": "managed",
      "type": "yandex_compute_instance",
      "name": "cp_instance",
      "provider": "provider[\"registry.terraform.io/yandex-cloud/yandex\"]",
      "instances": [
        {
          "index_key": 0,
          "schema_version": 1,
          "attributes": {
            "allow_recreate": null,
            "allow_stopping_for_update": null,
            "boot_disk": [
              {
                "auto_delete": true,
                "device_name": "epdst88prdcm6h3f3etm",
                "disk_id": "epdst88prdcm6h3f3etm",
                "initialize_params": [
                  {
                    "block_size": 4096,
                    "description": "",
                    "image_id": "fd8kp2cfs7pc786lfv2t",
                    "name": "",
                    "size": 5,
                    "snapshot_id": "",
                    "type": "network-hdd"
                  }
                ],
                "mode": "READ_WRITE"
              }
            ],
            "created_at": "2024-03-05T15:37:17Z",
            "description": "",
            "filesystem": [],
            "folder_id": "b1g6eem7vjurvc8c23gi",
            "fqdn": "sf-diploma-cp-0.ru-central1.internal",
            "gpu_cluster_id": "",
            "hostname": "sf-diploma-cp-0",
            "id": "epdm2kocet1okp0eoriv",
            "labels": null,
            "local_disk": [],
            "maintenance_grace_period": "",
            "maintenance_policy": null,
            "metadata": {
              "user-data": "#cloud-config\nssh_pwauth: false\n\nusers:\n- name: ansible\n  gecos: Ansible User\n  groups: users,admin,wheel\n  sudo: ALL=(ALL) NOPASSWD:ALL\n  shell: /bin/bash\n  lock_passwd: true\n  ssh_authorized_keys:\n    - \"ssh-ed25519 AAAAC3NzaC1lZDI1NTE5AAAAIFH9hqGFs/1hINzaUon0rTqeDjvYfwqOSIklDxQzELYK devops_diploma@skillfactory.ru\"\n  no_ssh_fingerprints: true"
            },
            "metadata_options": [
              {
                "aws_v1_http_endpoint": 1,
                "aws_v1_http_token": 2,
                "gce_http_endpoint": 1,
                "gce_http_token": 1
              }
            ],
            "name": "sf-diploma-cp-0",
            "network_acceleration_type": "standard",
            "network_interface": [
              {
                "dns_record": [],
                "index": 0,
                "ip_address": "10.0.0.22",
                "ipv4": true,
                "ipv6": false,
                "ipv6_address": "",
                "ipv6_dns_record": [],
                "mac_address": "d0:0d:16:15:30:c7",
                "nat": true,
                "nat_dns_record": [],
                "nat_ip_address": "158.160.86.192",
                "nat_ip_version": "IPV4",
                "security_group_ids": [],
                "subnet_id": "e2ltb1lmtmblif9so39p"
              }
            ],
            "placement_policy": [
              {
                "host_affinity_rules": [],
                "placement_group_id": "",
                "placement_group_partition": 0
              }
            ],
            "platform_id": "standard-v1",
            "resources": [
              {
                "core_fraction": 100,
                "cores": 2,
                "gpus": 0,
                "memory": 2
              }
            ],
            "scheduling_policy": [
              {
                "preemptible": false
              }
            ],
            "secondary_disk": [],
            "service_account_id": "",
            "status": "running",
            "timeouts": null,
            "zone": "ru-central1-b"
          },
          "sensitive_attributes": [],
          "private": "eyJlMmJmYjczMC1lY2FhLTExZTYtOGY4OC0zNDM2M2JjN2M0YzAiOnsiY3JlYXRlIjozMDAwMDAwMDAwMDAsImRlbGV0ZSI6MzAwMDAwMDAwMDAwLCJ1cGRhdGUiOjMwMDAwMDAwMDAwMH0sInNjaGVtYV92ZXJzaW9uIjoiMSJ9",
          "dependencies": [
            "module.instances.data.yandex_compute_image.vm_image",
            "module.network.yandex_vpc_network.network",
            "module.network.yandex_vpc_subnet.subnet"
          ]
        }
      ]
    },
    {
      "module": "module.instances",
      "mode": "managed",
      "type": "yandex_compute_instance",
      "name": "srv_instance",
      "provider": "provider[\"registry.terraform.io/yandex-cloud/yandex\"]",
      "instances": [
        {
          "index_key": 0,
          "schema_version": 1,
          "attributes": {
            "allow_recreate": null,
            "allow_stopping_for_update": null,
            "boot_disk": [
              {
                "auto_delete": true,
                "device_name": "epd8knu0ucnph8dkco6i",
                "disk_id": "epd8knu0ucnph8dkco6i",
                "initialize_params": [
                  {
                    "block_size": 4096,
                    "description": "",
                    "image_id": "fd8kp2cfs7pc786lfv2t",
                    "name": "",
                    "size": 5,
                    "snapshot_id": "",
                    "type": "network-hdd"
                  }
                ],
                "mode": "READ_WRITE"
              }
            ],
            "created_at": "2024-03-05T15:37:17Z",
            "description": "",
            "filesystem": [],
            "folder_id": "b1g6eem7vjurvc8c23gi",
            "fqdn": "sf-diploma-srv-0.ru-central1.internal",
            "gpu_cluster_id": "",
            "hostname": "sf-diploma-srv-0",
            "id": "epdtkuvdpoctj8rvprvf",
            "labels": null,
            "local_disk": [],
            "maintenance_grace_period": "",
            "maintenance_policy": null,
            "metadata": {
              "user-data": "#cloud-config\nssh_pwauth: false\n\nusers:\n- name: ansible\n  gecos: Ansible User\n  groups: users,admin,wheel\n  sudo: ALL=(ALL) NOPASSWD:ALL\n  shell: /bin/bash\n  lock_passwd: true\n  ssh_authorized_keys:\n    - \"ssh-ed25519 AAAAC3NzaC1lZDI1NTE5AAAAIBut7pkmBr5pWgoSB1aUcEdDo9XoYPQmolKgv1M+M10V Timofei@Ermolaev.tech\""
            },
            "metadata_options": [
              {
                "aws_v1_http_endpoint": 1,
                "aws_v1_http_token": 2,
                "gce_http_endpoint": 1,
                "gce_http_token": 1
              }
            ],
            "name": "sf-diploma-srv-0",
            "network_acceleration_type": "standard",
            "network_interface": [
              {
                "dns_record": [],
                "index": 0,
                "ip_address": "10.0.0.11",
                "ipv4": true,
                "ipv6": false,
                "ipv6_address": "",
                "ipv6_dns_record": [],
                "mac_address": "d0:0d:1d:a7:be:dc",
                "nat": true,
                "nat_dns_record": [],
                "nat_ip_address": "158.160.81.58",
                "nat_ip_version": "IPV4",
                "security_group_ids": [],
                "subnet_id": "e2ltb1lmtmblif9so39p"
              }
            ],
            "placement_policy": [
              {
                "host_affinity_rules": [],
                "placement_group_id": "",
                "placement_group_partition": 0
              }
            ],
            "platform_id": "standard-v1",
            "resources": [
              {
                "core_fraction": 100,
                "cores": 2,
                "gpus": 0,
                "memory": 4
              }
            ],
            "scheduling_policy": [
              {
                "preemptible": false
              }
            ],
            "secondary_disk": [],
            "service_account_id": "",
            "status": "running",
            "timeouts": null,
            "zone": "ru-central1-b"
          },
          "sensitive_attributes": [],
          "private": "eyJlMmJmYjczMC1lY2FhLTExZTYtOGY4OC0zNDM2M2JjN2M0YzAiOnsiY3JlYXRlIjozMDAwMDAwMDAwMDAsImRlbGV0ZSI6MzAwMDAwMDAwMDAwLCJ1cGRhdGUiOjMwMDAwMDAwMDAwMH0sInNjaGVtYV92ZXJzaW9uIjoiMSJ9",
          "dependencies": [
            "module.instances.data.yandex_compute_image.vm_image",
            "module.network.yandex_vpc_network.network",
            "module.network.yandex_vpc_subnet.subnet"
          ]
        }
      ]
    },
    {
      "module": "module.instances",
      "mode": "managed",
      "type": "yandex_compute_instance",
      "name": "worker_instance",
      "provider": "provider[\"registry.terraform.io/yandex-cloud/yandex\"]",
      "instances": [
        {
          "index_key": 0,
          "schema_version": 1,
          "attributes": {
            "allow_recreate": null,
            "allow_stopping_for_update": null,
            "boot_disk": [
              {
                "auto_delete": true,
                "device_name": "epdbcsfm5g62meu1tkpk",
                "disk_id": "epdbcsfm5g62meu1tkpk",
                "initialize_params": [
                  {
                    "block_size": 4096,
                    "description": "",
                    "image_id": "fd8kp2cfs7pc786lfv2t",
                    "name": "",
                    "size": 5,
                    "snapshot_id": "",
                    "type": "network-hdd"
                  }
                ],
                "mode": "READ_WRITE"
              }
            ],
            "created_at": "2024-03-05T15:37:17Z",
            "description": "",
            "filesystem": [],
            "folder_id": "b1g6eem7vjurvc8c23gi",
            "fqdn": "sf-dip-worker-0.ru-central1.internal",
            "gpu_cluster_id": "",
            "hostname": "sf-dip-worker-0",
            "id": "epd05bvu8nnhj0oldnuu",
            "labels": null,
            "local_disk": [],
            "maintenance_grace_period": "",
            "maintenance_policy": null,
            "metadata": {
              "user-data": "#cloud-config\nssh_pwauth: false\n\nusers:\n- name: ansible\n  gecos: Ansible User\n  groups: users,admin,wheel\n  sudo: ALL=(ALL) NOPASSWD:ALL\n  shell: /bin/bash\n  lock_passwd: true\n  ssh_authorized_keys:\n    - \"ssh-ed25519 AAAAC3NzaC1lZDI1NTE5AAAAIFH9hqGFs/1hINzaUon0rTqeDjvYfwqOSIklDxQzELYK devops_diploma@skillfactory.ru\"\n  no_ssh_fingerprints: true"
            },
            "metadata_options": [
              {
                "aws_v1_http_endpoint": 1,
                "aws_v1_http_token": 2,
                "gce_http_endpoint": 1,
                "gce_http_token": 1
              }
            ],
            "name": "sf-dip-worker-0",
            "network_acceleration_type": "standard",
            "network_interface": [
              {
                "dns_record": [],
                "index": 0,
                "ip_address": "10.0.0.7",
                "ipv4": true,
                "ipv6": false,
                "ipv6_address": "",
                "ipv6_dns_record": [],
                "mac_address": "d0:0d:2a:ff:e4:5e",
                "nat": true,
                "nat_dns_record": [],
                "nat_ip_address": "158.160.68.92",
                "nat_ip_version": "IPV4",
                "security_group_ids": [],
                "subnet_id": "e2ltb1lmtmblif9so39p"
              }
            ],
            "placement_policy": [
              {
                "host_affinity_rules": [],
                "placement_group_id": "",
                "placement_group_partition": 0
              }
            ],
            "platform_id": "standard-v1",
            "resources": [
              {
                "core_fraction": 100,
                "cores": 2,
                "gpus": 0,
                "memory": 2
              }
            ],
            "scheduling_policy": [
              {
                "preemptible": false
              }
            ],
            "secondary_disk": [],
            "service_account_id": "",
            "status": "running",
            "timeouts": null,
            "zone": "ru-central1-b"
          },
          "sensitive_attributes": [],
          "private": "eyJlMmJmYjczMC1lY2FhLTExZTYtOGY4OC0zNDM2M2JjN2M0YzAiOnsiY3JlYXRlIjozMDAwMDAwMDAwMDAsImRlbGV0ZSI6MzAwMDAwMDAwMDAwLCJ1cGRhdGUiOjMwMDAwMDAwMDAwMH0sInNjaGVtYV92ZXJzaW9uIjoiMSJ9",
          "dependencies": [
            "module.instances.data.yandex_compute_image.vm_image",
            "module.network.yandex_vpc_network.network",
            "module.network.yandex_vpc_subnet.subnet"
          ]
        },
        {
          "index_key": 1,
          "schema_version": 1,
          "attributes": {
            "allow_recreate": null,
            "allow_stopping_for_update": null,
            "boot_disk": [
              {
                "auto_delete": true,
                "device_name": "epdeie0bq62t90ugnvkl",
                "disk_id": "epdeie0bq62t90ugnvkl",
                "initialize_params": [
                  {
                    "block_size": 4096,
                    "description": "",
                    "image_id": "fd8kp2cfs7pc786lfv2t",
                    "name": "",
                    "size": 5,
                    "snapshot_id": "",
                    "type": "network-hdd"
                  }
                ],
                "mode": "READ_WRITE"
              }
            ],
            "created_at": "2024-03-05T15:37:17Z",
            "description": "",
            "filesystem": [],
            "folder_id": "b1g6eem7vjurvc8c23gi",
            "fqdn": "sf-dip-worker-1.ru-central1.internal",
            "gpu_cluster_id": "",
            "hostname": "sf-dip-worker-1",
            "id": "epdb84guuoe7fkd036ca",
            "labels": null,
            "local_disk": [],
            "maintenance_grace_period": "",
            "maintenance_policy": null,
            "metadata": {
              "user-data": "#cloud-config\nssh_pwauth: false\n\nusers:\n- name: ansible\n  gecos: Ansible User\n  groups: users,admin,wheel\n  sudo: ALL=(ALL) NOPASSWD:ALL\n  shell: /bin/bash\n  lock_passwd: true\n  ssh_authorized_keys:\n    - \"ssh-ed25519 AAAAC3NzaC1lZDI1NTE5AAAAIFH9hqGFs/1hINzaUon0rTqeDjvYfwqOSIklDxQzELYK devops_diploma@skillfactory.ru\"\n  no_ssh_fingerprints: true"
            },
            "metadata_options": [
              {
                "aws_v1_http_endpoint": 1,
                "aws_v1_http_token": 2,
                "gce_http_endpoint": 1,
                "gce_http_token": 1
              }
            ],
            "name": "sf-dip-worker-1",
            "network_acceleration_type": "standard",
            "network_interface": [
              {
                "dns_record": [],
                "index": 0,
                "ip_address": "10.0.0.26",
                "ipv4": true,
                "ipv6": false,
                "ipv6_address": "",
                "ipv6_dns_record": [],
                "mac_address": "d0:0d:b4:12:1e:f6",
                "nat": true,
                "nat_dns_record": [],
                "nat_ip_address": "158.160.2.117",
                "nat_ip_version": "IPV4",
                "security_group_ids": [],
                "subnet_id": "e2ltb1lmtmblif9so39p"
              }
            ],
            "placement_policy": [
              {
                "host_affinity_rules": [],
                "placement_group_id": "",
                "placement_group_partition": 0
              }
            ],
            "platform_id": "standard-v1",
            "resources": [
              {
                "core_fraction": 100,
                "cores": 2,
                "gpus": 0,
                "memory": 2
              }
            ],
            "scheduling_policy": [
              {
                "preemptible": false
              }
            ],
            "secondary_disk": [],
            "service_account_id": "",
            "status": "running",
            "timeouts": null,
            "zone": "ru-central1-b"
          },
          "sensitive_attributes": [],
          "private": "eyJlMmJmYjczMC1lY2FhLTExZTYtOGY4OC0zNDM2M2JjN2M0YzAiOnsiY3JlYXRlIjozMDAwMDAwMDAwMDAsImRlbGV0ZSI6MzAwMDAwMDAwMDAwLCJ1cGRhdGUiOjMwMDAwMDAwMDAwMH0sInNjaGVtYV92ZXJzaW9uIjoiMSJ9",
          "dependencies": [
            "module.instances.data.yandex_compute_image.vm_image",
            "module.network.yandex_vpc_network.network",
            "module.network.yandex_vpc_subnet.subnet"
          ]
        }
      ]
    },
    {
      "module": "module.load_balancer",
      "mode": "managed",
      "type": "yandex_lb_network_load_balancer",
      "name": "foo",
      "provider": "provider[\"registry.terraform.io/yandex-cloud/yandex\"]",
      "instances": [
        {
          "schema_version": 0,
          "attributes": {
            "attached_target_group": [
              {
                "healthcheck": [
                  {
                    "healthy_threshold": 2,
                    "http_options": [
                      {
                        "path": "/ping",
                        "port": 3003
                      }
                    ],
                    "interval": 2,
                    "name": "http",
                    "tcp_options": [],
                    "timeout": 1,
                    "unhealthy_threshold": 2
                  }
                ],
                "target_group_id": "enpsf3j3clnrc3dbtsgh"
              }
            ],
            "created_at": "2024-03-05T15:38:23Z",
            "deletion_protection": false,
            "description": "",
            "folder_id": "b1g6eem7vjurvc8c23gi",
            "id": "enp4vjnrijgko6urarlc",
            "labels": null,
            "listener": [
              {
                "external_address_spec": [
                  {
                    "address": "158.160.153.103",
                    "ip_version": "ipv4"
                  }
                ],
                "internal_address_spec": [],
                "name": "my-listener",
                "port": 8080,
                "protocol": "tcp",
                "target_port": 8080
              }
            ],
            "name": "sf-load-balancer",
            "region_id": "ru-central1",
            "timeouts": null,
            "type": "external"
          },
          "sensitive_attributes": [],
          "private": "eyJlMmJmYjczMC1lY2FhLTExZTYtOGY4OC0zNDM2M2JjN2M0YzAiOnsiY3JlYXRlIjozMDAwMDAwMDAwMDAsImRlbGV0ZSI6MzAwMDAwMDAwMDAwLCJ1cGRhdGUiOjMwMDAwMDAwMDAwMH19",
          "dependencies": [
            "module.instances.data.yandex_compute_image.vm_image",
            "module.instances.yandex_compute_instance.cp_instance",
            "module.instances.yandex_compute_instance.srv_instance",
            "module.instances.yandex_compute_instance.worker_instance",
            "module.load_balancer.yandex_lb_target_group.foo",
            "module.network.yandex_vpc_network.network",
            "module.network.yandex_vpc_subnet.subnet"
          ]
        }
      ]
    },
    {
      "module": "module.load_balancer",
      "mode": "managed",
      "type": "yandex_lb_target_group",
      "name": "foo",
      "provider": "provider[\"registry.terraform.io/yandex-cloud/yandex\"]",
      "instances": [
        {
          "schema_version": 0,
          "attributes": {
            "created_at": "2024-03-05T15:38:22Z",
            "description": "",
            "folder_id": "b1g6eem7vjurvc8c23gi",
            "id": "enpsf3j3clnrc3dbtsgh",
            "labels": null,
            "name": "sf-target-group",
            "region_id": "ru-central1",
            "target": [
              {
                "address": "10.0.0.26",
                "subnet_id": "e2ltb1lmtmblif9so39p"
              },
              {
                "address": "10.0.0.7",
                "subnet_id": "e2ltb1lmtmblif9so39p"
              }
            ],
            "timeouts": null
          },
          "sensitive_attributes": [],
          "private": "eyJlMmJmYjczMC1lY2FhLTExZTYtOGY4OC0zNDM2M2JjN2M0YzAiOnsiY3JlYXRlIjozMDAwMDAwMDAwMDAsImRlbGV0ZSI6MzAwMDAwMDAwMDAwLCJ1cGRhdGUiOjMwMDAwMDAwMDAwMH19",
          "dependencies": [
            "module.instances.data.yandex_compute_image.vm_image",
            "module.instances.yandex_compute_instance.cp_instance",
            "module.instances.yandex_compute_instance.srv_instance",
            "module.instances.yandex_compute_instance.worker_instance",
            "module.network.yandex_vpc_network.network",
            "module.network.yandex_vpc_subnet.subnet"
          ]
        }
      ]
    },
    {
      "module": "module.network",
      "mode": "managed",
      "type": "yandex_vpc_network",
      "name": "network",
      "provider": "provider[\"registry.terraform.io/yandex-cloud/yandex\"]",
      "instances": [
        {
          "schema_version": 0,
          "attributes": {
            "created_at": "2024-03-05T15:37:12Z",
            "default_security_group_id": "enpcfh6qrvo47hmbekjb",
            "description": "",
            "folder_id": "b1g6eem7vjurvc8c23gi",
            "id": "enp6e5cas91lae9i8ja1",
            "labels": {},
            "name": "sf-diploma-network",
            "subnet_ids": [],
            "timeouts": null
          },
          "sensitive_attributes": [],
          "private": "eyJlMmJmYjczMC1lY2FhLTExZTYtOGY4OC0zNDM2M2JjN2M0YzAiOnsiY3JlYXRlIjo2MDAwMDAwMDAwMCwiZGVsZXRlIjo2MDAwMDAwMDAwMCwidXBkYXRlIjo2MDAwMDAwMDAwMH19"
        }
      ]
    },
    {
      "module": "module.network",
      "mode": "managed",
      "type": "yandex_vpc_subnet",
      "name": "subnet",
      "provider": "provider[\"registry.terraform.io/yandex-cloud/yandex\"]",
      "instances": [
        {
          "schema_version": 0,
          "attributes": {
            "created_at": "2024-03-05T15:37:16Z",
            "description": "",
            "dhcp_options": [],
            "folder_id": "b1g6eem7vjurvc8c23gi",
            "id": "e2ltb1lmtmblif9so39p",
            "labels": {},
            "name": "sf-diploma-subnet",
            "network_id": "enp6e5cas91lae9i8ja1",
            "route_table_id": "",
            "timeouts": null,
            "v4_cidr_blocks": [
              "10.0.0.0/24"
            ],
            "v6_cidr_blocks": [],
            "zone": "ru-central1-b"
          },
          "sensitive_attributes": [],
          "private": "eyJlMmJmYjczMC1lY2FhLTExZTYtOGY4OC0zNDM2M2JjN2M0YzAiOnsiY3JlYXRlIjoxODAwMDAwMDAwMDAsImRlbGV0ZSI6MTgwMDAwMDAwMDAwLCJ1cGRhdGUiOjE4MDAwMDAwMDAwMH19",
          "dependencies": [
            "module.network.yandex_vpc_network.network"
          ]
        }
      ]
    }
  ],
  "check_results": null
}
